Microsoft Visual Studio Solution File, Format Version 11.00
# Visual Studio 2008

Project("{51B2246A-AEB2-F9B1-956C-90582AC27E9B}") = "Jigsaw_Android", "Assembly-CSharp.csproj", "{ED0EE812-5D71-E40E-C92A-89EC129438EC}"
EndProject
Global
	GlobalSection(SolutionConfigurationPlatforms) = preSolution
		Debug|Any CPU = Debug|Any CPU
		Release|Any CPU = Release|Any CPU
	EndGlobalSection
	GlobalSection(ProjectConfigurationPlatforms) = postSolution
		{ED0EE812-5D71-E40E-C92A-89EC129438EC}.Debug|Any CPU.ActiveCfg = Debug|Any CPU
		{ED0EE812-5D71-E40E-C92A-89EC129438EC}.Debug|Any CPU.Build.0 = Debug|Any CPU
		{ED0EE812-5D71-E40E-C92A-89EC129438EC}.Release|Any CPU.ActiveCfg = Release|Any CPU
		{ED0EE812-5D71-E40E-C92A-89EC129438EC}.Release|Any CPU.Build.0 = Release|Any CPU
	EndGlobalSection
	GlobalSection(SolutionProperties) = preSolution
		HideSolutionNode = FALSE
	EndGlobalSection
																						GlobalSection(MonoDevelopProperties) = preSolution
		StartupItem = Assembly-CSharp.csproj
		Policies = $0
		$0.TextStylePolicy = $1
		$1.inheritsSet = null
		$1.scope = text/x-csharp
		$0.CSharpFormattingPolicy = $2
		$2.inheritsSet = Mono
		$2.inheritsScope = text/x-csharp
		$2.scope = text/x-csharp
		$0.TextStylePolicy = $3
		$3.FileWidth = 120
		$3.TabWidth = 4
		$3.IndentWidth = 4
		$3.EolMarker = Unix
		$3.inheritsSet = Mono
		$3.inheritsScope = text/plain
		$3.scope = text/plain
	EndGlobalSection

EndGlobal
